# This file is automatically @generated by Cargo.
# It is not intended for manual editing.
version = 4

[[package]]
name = "chapter01-thread"
version = "0.1.0"

[[package]]
name = "chapter02-threadpool"
version = "0.1.0"

[[package]]
name = "chapter03-async"
version = "0.1.0"

[[package]]
name = "chapter04-sync-primitives-01"
version = "0.1.0"

[[package]]
name = "chapter05-sync-primitives-02"
version = "0.1.0"

[[package]]
name = "chapter06-concurrency-set"
version = "0.1.0"

[[package]]
name = "chapter07-process"
version = "0.1.0"

[[package]]
name = "chapter08-channel"
version = "0.1.0"

[[package]]
name = "chapter09-timer"
version = "0.1.0"

[[package]]
name = "chapter13-tokio"
version = "0.1.0"
